
Microsoft Visual Studio Solution File, Format Version 12.00
# Visual Studio 15
VisualStudioVersion = 15.0.26430.16
MinimumVisualStudioVersion = 10.0.40219.1
Project("{2150E333-8FDC-42A3-9474-1A3956D46DE8}") = ".paket", ".paket", "{893DF1C0-DB8B-4825-B7A8-29B288E7A70E}"
	ProjectSection(SolutionItems) = preProject
		paket.dependencies = paket.dependencies
	EndProjectSection
EndProject
Project("{F2A71F9B-5D33-465A-A702-920D77279786}") = "Parser", "Parser\Parser.fsproj", "{C85441BB-46DB-4435-BC2A-E24AD534265E}"
EndProject
Project("{F2A71F9B-5D33-465A-A702-920D77279786}") = "ParserTests", "ParserTests\ParserTests.fsproj", "{F573E6A6-EB80-49F1-981C-24B874DD93C7}"
EndProject
Global
	GlobalSection(SolutionConfigurationPlatforms) = preSolution
		Debug|Any CPU = Debug|Any CPU
		Release|Any CPU = Release|Any CPU
	EndGlobalSection
	GlobalSection(ProjectConfigurationPlatforms) = postSolution
		{C85441BB-46DB-4435-BC2A-E24AD534265E}.Debug|Any CPU.ActiveCfg = Debug|Any CPU
		{C85441BB-46DB-4435-BC2A-E24AD534265E}.Debug|Any CPU.Build.0 = Debug|Any CPU
		{C85441BB-46DB-4435-BC2A-E24AD534265E}.Release|Any CPU.ActiveCfg = Release|Any CPU
		{C85441BB-46DB-4435-BC2A-E24AD534265E}.Release|Any CPU.Build.0 = Release|Any CPU
		{F573E6A6-EB80-49F1-981C-24B874DD93C7}.Debug|Any CPU.ActiveCfg = Debug|Any CPU
		{F573E6A6-EB80-49F1-981C-24B874DD93C7}.Debug|Any CPU.Build.0 = Debug|Any CPU
		{F573E6A6-EB80-49F1-981C-24B874DD93C7}.Release|Any CPU.ActiveCfg = Release|Any CPU
		{F573E6A6-EB80-49F1-981C-24B874DD93C7}.Release|Any CPU.Build.0 = Release|Any CPU
	EndGlobalSection
	GlobalSection(SolutionProperties) = preSolution
		HideSolutionNode = FALSE
	EndGlobalSection
EndGlobal
